
Microsoft Visual Studio Solution File, Format Version 12.00
# Visual Studio Version 17
VisualStudioVersion = 17.8.34511.84
MinimumVisualStudioVersion = 10.0.40219.1
Project("{2150E333-8FDC-42A3-9474-1A3956D46DE8}") = "1.Domain", "1.Domain", "{276E8459-2957-496B-9250-B6A420E74419}"
EndProject
Project("{9A19103F-16F7-4668-BE54-9A1E7A4F7556}") = "TodoApp.Domain", "src\1.Domain\TodoApp.Domain\TodoApp.Domain.csproj", "{320C1DA4-BB38-4A14-BEF4-80997CC3DD07}"
EndProject
Project("{2150E333-8FDC-42A3-9474-1A3956D46DE8}") = "2.Infrastructure", "2.Infrastructure", "{F7D81E8E-8976-4F90-9F4A-03176ABA9E6E}"
EndProject
Project("{9A19103F-16F7-4668-BE54-9A1E7A4F7556}") = "TodoApp.Infrastructure", "src\2.Infrastructure\TodoApp.Infrastructure\TodoApp.Infrastructure.csproj", "{437701D9-0089-4411-9A1B-8121D45A7FED}"
EndProject
Project("{2150E333-8FDC-42A3-9474-1A3956D46DE8}") = "3.Application", "3.Application", "{E3AAEE6C-EDDD-4E89-9508-FACFA6E078FA}"
EndProject
Project("{9A19103F-16F7-4668-BE54-9A1E7A4F7556}") = "Todo.Application", "src\3.Application\Todo.Application\Todo.Application.csproj", "{A7C9959F-269B-412A-B886-5042AFFB3779}"
EndProject
Project("{2150E333-8FDC-42A3-9474-1A3956D46DE8}") = "4.Apis", "4.Apis", "{4152E49A-13C4-49AA-9460-ECD904767B65}"
EndProject
Project("{9A19103F-16F7-4668-BE54-9A1E7A4F7556}") = "Todo.TodoAPI", "src\4.Apis\Todo.TodoAPI\Todo.TodoAPI.csproj", "{A9DDACA3-1E68-43F4-BB90-16AB603976A0}"
EndProject
Project("{2150E333-8FDC-42A3-9474-1A3956D46DE8}") = "Solution Items", "Solution Items", "{6495456D-F4FE-4D2F-838B-AD72FCF1B7EB}"
	ProjectSection(SolutionItems) = preProject
		README.md = README.md
	EndProjectSection
EndProject
Global
	GlobalSection(SolutionConfigurationPlatforms) = preSolution
		Debug|Any CPU = Debug|Any CPU
		Release|Any CPU = Release|Any CPU
	EndGlobalSection
	GlobalSection(ProjectConfigurationPlatforms) = postSolution
		{320C1DA4-BB38-4A14-BEF4-80997CC3DD07}.Debug|Any CPU.ActiveCfg = Debug|Any CPU
		{320C1DA4-BB38-4A14-BEF4-80997CC3DD07}.Debug|Any CPU.Build.0 = Debug|Any CPU
		{320C1DA4-BB38-4A14-BEF4-80997CC3DD07}.Release|Any CPU.ActiveCfg = Release|Any CPU
		{320C1DA4-BB38-4A14-BEF4-80997CC3DD07}.Release|Any CPU.Build.0 = Release|Any CPU
		{437701D9-0089-4411-9A1B-8121D45A7FED}.Debug|Any CPU.ActiveCfg = Debug|Any CPU
		{437701D9-0089-4411-9A1B-8121D45A7FED}.Debug|Any CPU.Build.0 = Debug|Any CPU
		{437701D9-0089-4411-9A1B-8121D45A7FED}.Release|Any CPU.ActiveCfg = Release|Any CPU
		{437701D9-0089-4411-9A1B-8121D45A7FED}.Release|Any CPU.Build.0 = Release|Any CPU
		{A7C9959F-269B-412A-B886-5042AFFB3779}.Debug|Any CPU.ActiveCfg = Debug|Any CPU
		{A7C9959F-269B-412A-B886-5042AFFB3779}.Debug|Any CPU.Build.0 = Debug|Any CPU
		{A7C9959F-269B-412A-B886-5042AFFB3779}.Release|Any CPU.ActiveCfg = Release|Any CPU
		{A7C9959F-269B-412A-B886-5042AFFB3779}.Release|Any CPU.Build.0 = Release|Any CPU
		{A9DDACA3-1E68-43F4-BB90-16AB603976A0}.Debug|Any CPU.ActiveCfg = Debug|Any CPU
		{A9DDACA3-1E68-43F4-BB90-16AB603976A0}.Debug|Any CPU.Build.0 = Debug|Any CPU
		{A9DDACA3-1E68-43F4-BB90-16AB603976A0}.Release|Any CPU.ActiveCfg = Release|Any CPU
		{A9DDACA3-1E68-43F4-BB90-16AB603976A0}.Release|Any CPU.Build.0 = Release|Any CPU
	EndGlobalSection
	GlobalSection(SolutionProperties) = preSolution
		HideSolutionNode = FALSE
	EndGlobalSection
	GlobalSection(NestedProjects) = preSolution
		{320C1DA4-BB38-4A14-BEF4-80997CC3DD07} = {276E8459-2957-496B-9250-B6A420E74419}
		{437701D9-0089-4411-9A1B-8121D45A7FED} = {F7D81E8E-8976-4F90-9F4A-03176ABA9E6E}
		{A7C9959F-269B-412A-B886-5042AFFB3779} = {E3AAEE6C-EDDD-4E89-9508-FACFA6E078FA}
		{A9DDACA3-1E68-43F4-BB90-16AB603976A0} = {4152E49A-13C4-49AA-9460-ECD904767B65}
	EndGlobalSection
	GlobalSection(ExtensibilityGlobals) = postSolution
		SolutionGuid = {E4B7EFE2-9066-4840-B26D-82E7D96A90CA}
	EndGlobalSection
EndGlobal
